
Microsoft Visual Studio Solution File, Format Version 12.00
# Visual Studio 2012
Project("{FAE04EC0-301F-11D3-BF4B-00C04F79EFBC}") = "Fuzaite.Londres.Service", "Fuzaite.Londres.Service\Fuzaite.Londres.Service.csproj", "{AE840C84-48D2-4FAA-9BFB-DBE92CCED1C2}"
EndProject
Global
	GlobalSection(SolutionConfigurationPlatforms) = preSolution
		Debug|Any CPU = Debug|Any CPU
		Release|Any CPU = Release|Any CPU
	EndGlobalSection
	GlobalSection(ProjectConfigurationPlatforms) = postSolution
		{AE840C84-48D2-4FAA-9BFB-DBE92CCED1C2}.Debug|Any CPU.ActiveCfg = Debug|Any CPU
		{AE840C84-48D2-4FAA-9BFB-DBE92CCED1C2}.Debug|Any CPU.Build.0 = Debug|Any CPU
		{AE840C84-48D2-4FAA-9BFB-DBE92CCED1C2}.Release|Any CPU.ActiveCfg = Release|Any CPU
		{AE840C84-48D2-4FAA-9BFB-DBE92CCED1C2}.Release|Any CPU.Build.0 = Release|Any CPU
	EndGlobalSection
	GlobalSection(SolutionProperties) = preSolution
		HideSolutionNode = FALSE
	EndGlobalSection
EndGlobal
